
Microsoft Visual Studio Solution File, Format Version 12.00
# Visual Studio 14
VisualStudioVersion = 14.0.25123.0
MinimumVisualStudioVersion = 10.0.40219.1
Project("{FAE04EC0-301F-11D3-BF4B-00C04F79EFBC}") = "Iot.LightController.MobileApp.Droid", "Iot.LightController.MobileApp\Iot.LightController.MobileApp.Droid\Iot.LightController.MobileApp.Droid.csproj", "{99B35464-3BF5-4592-BDED-B452AE720E79}"
EndProject
Project("{FAE04EC0-301F-11D3-BF4B-00C04F79EFBC}") = "Iot.LightController.MobileApp.iOS", "Iot.LightController.MobileApp\Iot.LightController.MobileApp.iOS\Iot.LightController.MobileApp.iOS.csproj", "{2214653F-FA87-4F53-B409-AFDA9D393871}"
EndProject
Project("{FAE04EC0-301F-11D3-BF4B-00C04F79EFBC}") = "Iot.LightController.MobileApp.UWP", "Iot.LightController.MobileApp\Iot.LightController.MobileApp.UWP\Iot.LightController.MobileApp.UWP.csproj", "{EFB11274-9E21-4C48-9B8F-4159E5DF08B4}"
EndProject
Project("{FAE04EC0-301F-11D3-BF4B-00C04F79EFBC}") = "Iot.LightController.MobileApp", "Iot.LightController.MobileApp\Iot.LightController.MobileApp\Iot.LightController.MobileApp.csproj", "{4A78E689-5D48-4029-AC46-39E70B1450FE}"
EndProject
Project("{2150E333-8FDC-42A3-9474-1A3956D46DE8}") = "Mobile", "Mobile", "{6082A993-2CC7-41CB-B215-6F6F5129D01A}"
EndProject
Project("{2150E333-8FDC-42A3-9474-1A3956D46DE8}") = "Core", "Core", "{D725F4B2-8618-4275-9F0D-D222D7643736}"
EndProject
Project("{2150E333-8FDC-42A3-9474-1A3956D46DE8}") = "Raspberry", "Raspberry", "{847F64C4-2CFC-4DB8-A7F2-AAA62F5D33EF}"
EndProject
Project("{FAE04EC0-301F-11D3-BF4B-00C04F79EFBC}") = "Iot.LightController.Raspberry", "Iot.LightController.Raspberry\Iot.LightController.Raspberry.csproj", "{779957D5-F95E-49AA-AC18-6D7ECD6013BF}"
EndProject
Project("{FAE04EC0-301F-11D3-BF4B-00C04F79EFBC}") = "Iot.LightController.Messaging", "Iot.LightController.Messaging\Iot.LightController.Messaging.csproj", "{8E724B56-8497-451D-B7D9-CE17EB01BF7A}"
EndProject
Global
	GlobalSection(SolutionConfigurationPlatforms) = preSolution
		Ad-Hoc|Any CPU = Ad-Hoc|Any CPU
		Ad-Hoc|ARM = Ad-Hoc|ARM
		Ad-Hoc|iPhone = Ad-Hoc|iPhone
		Ad-Hoc|iPhoneSimulator = Ad-Hoc|iPhoneSimulator
		Ad-Hoc|x64 = Ad-Hoc|x64
		Ad-Hoc|x86 = Ad-Hoc|x86
		AppStore|Any CPU = AppStore|Any CPU
		AppStore|ARM = AppStore|ARM
		AppStore|iPhone = AppStore|iPhone
		AppStore|iPhoneSimulator = AppStore|iPhoneSimulator
		AppStore|x64 = AppStore|x64
		AppStore|x86 = AppStore|x86
		Debug|Any CPU = Debug|Any CPU
		Debug|ARM = Debug|ARM
		Debug|iPhone = Debug|iPhone
		Debug|iPhoneSimulator = Debug|iPhoneSimulator
		Debug|x64 = Debug|x64
		Debug|x86 = Debug|x86
		Release|Any CPU = Release|Any CPU
		Release|ARM = Release|ARM
		Release|iPhone = Release|iPhone
		Release|iPhoneSimulator = Release|iPhoneSimulator
		Release|x64 = Release|x64
		Release|x86 = Release|x86
	EndGlobalSection
	GlobalSection(ProjectConfigurationPlatforms) = postSolution
		{99B35464-3BF5-4592-BDED-B452AE720E79}.Ad-Hoc|Any CPU.ActiveCfg = Release|Any CPU
		{99B35464-3BF5-4592-BDED-B452AE720E79}.Ad-Hoc|Any CPU.Build.0 = Release|Any CPU
		{99B35464-3BF5-4592-BDED-B452AE720E79}.Ad-Hoc|Any CPU.Deploy.0 = Release|Any CPU
		{99B35464-3BF5-4592-BDED-B452AE720E79}.Ad-Hoc|ARM.ActiveCfg = Release|Any CPU
		{99B35464-3BF5-4592-BDED-B452AE720E79}.Ad-Hoc|ARM.Build.0 = Release|Any CPU
		{99B35464-3BF5-4592-BDED-B452AE720E79}.Ad-Hoc|ARM.Deploy.0 = Release|Any CPU
		{99B35464-3BF5-4592-BDED-B452AE720E79}.Ad-Hoc|iPhone.ActiveCfg = Release|Any CPU
		{99B35464-3BF5-4592-BDED-B452AE720E79}.Ad-Hoc|iPhone.Build.0 = Release|Any CPU
		{99B35464-3BF5-4592-BDED-B452AE720E79}.Ad-Hoc|iPhone.Deploy.0 = Release|Any CPU
		{99B35464-3BF5-4592-BDED-B452AE720E79}.Ad-Hoc|iPhoneSimulator.ActiveCfg = Release|Any CPU
		{99B35464-3BF5-4592-BDED-B452AE720E79}.Ad-Hoc|iPhoneSimulator.Build.0 = Release|Any CPU
		{99B35464-3BF5-4592-BDED-B452AE720E79}.Ad-Hoc|iPhoneSimulator.Deploy.0 = Release|Any CPU
		{99B35464-3BF5-4592-BDED-B452AE720E79}.Ad-Hoc|x64.ActiveCfg = Release|Any CPU
		{99B35464-3BF5-4592-BDED-B452AE720E79}.Ad-Hoc|x64.Build.0 = Release|Any CPU
		{99B35464-3BF5-4592-BDED-B452AE720E79}.Ad-Hoc|x64.Deploy.0 = Release|Any CPU
		{99B35464-3BF5-4592-BDED-B452AE720E79}.Ad-Hoc|x86.ActiveCfg = Release|Any CPU
		{99B35464-3BF5-4592-BDED-B452AE720E79}.Ad-Hoc|x86.Build.0 = Release|Any CPU
		{99B35464-3BF5-4592-BDED-B452AE720E79}.Ad-Hoc|x86.Deploy.0 = Release|Any CPU
		{99B35464-3BF5-4592-BDED-B452AE720E79}.AppStore|Any CPU.ActiveCfg = Release|Any CPU
		{99B35464-3BF5-4592-BDED-B452AE720E79}.AppStore|Any CPU.Build.0 = Release|Any CPU
		{99B35464-3BF5-4592-BDED-B452AE720E79}.AppStore|Any CPU.Deploy.0 = Release|Any CPU
		{99B35464-3BF5-4592-BDED-B452AE720E79}.AppStore|ARM.ActiveCfg = Release|Any CPU
		{99B35464-3BF5-4592-BDED-B452AE720E79}.AppStore|ARM.Build.0 = Release|Any CPU
		{99B35464-3BF5-4592-BDED-B452AE720E79}.AppStore|ARM.Deploy.0 = Release|Any CPU
		{99B35464-3BF5-4592-BDED-B452AE720E79}.AppStore|iPhone.ActiveCfg = Release|Any CPU
		{99B35464-3BF5-4592-BDED-B452AE720E79}.AppStore|iPhone.Build.0 = Release|Any CPU
		{99B35464-3BF5-4592-BDED-B452AE720E79}.AppStore|iPhone.Deploy.0 = Release|Any CPU
		{99B35464-3BF5-4592-BDED-B452AE720E79}.AppStore|iPhoneSimulator.ActiveCfg = Release|Any CPU
		{99B35464-3BF5-4592-BDED-B452AE720E79}.AppStore|iPhoneSimulator.Build.0 = Release|Any CPU
		{99B35464-3BF5-4592-BDED-B452AE720E79}.AppStore|iPhoneSimulator.Deploy.0 = Release|Any CPU
		{99B35464-3BF5-4592-BDED-B452AE720E79}.AppStore|x64.ActiveCfg = Release|Any CPU
		{99B35464-3BF5-4592-BDED-B452AE720E79}.AppStore|x64.Build.0 = Release|Any CPU
		{99B35464-3BF5-4592-BDED-B452AE720E79}.AppStore|x64.Deploy.0 = Release|Any CPU
		{99B35464-3BF5-4592-BDED-B452AE720E79}.AppStore|x86.ActiveCfg = Release|Any CPU
		{99B35464-3BF5-4592-BDED-B452AE720E79}.AppStore|x86.Build.0 = Release|Any CPU
		{99B35464-3BF5-4592-BDED-B452AE720E79}.AppStore|x86.Deploy.0 = Release|Any CPU
		{99B35464-3BF5-4592-BDED-B452AE720E79}.Debug|Any CPU.ActiveCfg = Debug|Any CPU
		{99B35464-3BF5-4592-BDED-B452AE720E79}.Debug|Any CPU.Build.0 = Debug|Any CPU
		{99B35464-3BF5-4592-BDED-B452AE720E79}.Debug|Any CPU.Deploy.0 = Debug|Any CPU
		{99B35464-3BF5-4592-BDED-B452AE720E79}.Debug|ARM.ActiveCfg = Debug|Any CPU
		{99B35464-3BF5-4592-BDED-B452AE720E79}.Debug|ARM.Build.0 = Debug|Any CPU
		{99B35464-3BF5-4592-BDED-B452AE720E79}.Debug|ARM.Deploy.0 = Debug|Any CPU
		{99B35464-3BF5-4592-BDED-B452AE720E79}.Debug|iPhone.ActiveCfg = Debug|Any CPU
		{99B35464-3BF5-4592-BDED-B452AE720E79}.Debug|iPhone.Build.0 = Debug|Any CPU
		{99B35464-3BF5-4592-BDED-B452AE720E79}.Debug|iPhone.Deploy.0 = Debug|Any CPU
		{99B35464-3BF5-4592-BDED-B452AE720E79}.Debug|iPhoneSimulator.ActiveCfg = Debug|Any CPU
		{99B35464-3BF5-4592-BDED-B452AE720E79}.Debug|iPhoneSimulator.Build.0 = Debug|Any CPU
		{99B35464-3BF5-4592-BDED-B452AE720E79}.Debug|iPhoneSimulator.Deploy.0 = Debug|Any CPU
		{99B35464-3BF5-4592-BDED-B452AE720E79}.Debug|x64.ActiveCfg = Debug|Any CPU
		{99B35464-3BF5-4592-BDED-B452AE720E79}.Debug|x64.Build.0 = Debug|Any CPU
		{99B35464-3BF5-4592-BDED-B452AE720E79}.Debug|x64.Deploy.0 = Debug|Any CPU
		{99B35464-3BF5-4592-BDED-B452AE720E79}.Debug|x86.ActiveCfg = Debug|Any CPU
		{99B35464-3BF5-4592-BDED-B452AE720E79}.Debug|x86.Build.0 = Debug|Any CPU
		{99B35464-3BF5-4592-BDED-B452AE720E79}.Debug|x86.Deploy.0 = Debug|Any CPU
		{99B35464-3BF5-4592-BDED-B452AE720E79}.Release|Any CPU.ActiveCfg = Release|Any CPU
		{99B35464-3BF5-4592-BDED-B452AE720E79}.Release|Any CPU.Build.0 = Release|Any CPU
		{99B35464-3BF5-4592-BDED-B452AE720E79}.Release|Any CPU.Deploy.0 = Release|Any CPU
		{99B35464-3BF5-4592-BDED-B452AE720E79}.Release|ARM.ActiveCfg = Release|Any CPU
		{99B35464-3BF5-4592-BDED-B452AE720E79}.Release|ARM.Build.0 = Release|Any CPU
		{99B35464-3BF5-4592-BDED-B452AE720E79}.Release|ARM.Deploy.0 = Release|Any CPU
		{99B35464-3BF5-4592-BDED-B452AE720E79}.Release|iPhone.ActiveCfg = Release|Any CPU
		{99B35464-3BF5-4592-BDED-B452AE720E79}.Release|iPhone.Build.0 = Release|Any CPU
		{99B35464-3BF5-4592-BDED-B452AE720E79}.Release|iPhone.Deploy.0 = Release|Any CPU
		{99B35464-3BF5-4592-BDED-B452AE720E79}.Release|iPhoneSimulator.ActiveCfg = Release|Any CPU
		{99B35464-3BF5-4592-BDED-B452AE720E79}.Release|iPhoneSimulator.Build.0 = Release|Any CPU
		{99B35464-3BF5-4592-BDED-B452AE720E79}.Release|iPhoneSimulator.Deploy.0 = Release|Any CPU
		{99B35464-3BF5-4592-BDED-B452AE720E79}.Release|x64.ActiveCfg = Release|Any CPU
		{99B35464-3BF5-4592-BDED-B452AE720E79}.Release|x64.Build.0 = Release|Any CPU
		{99B35464-3BF5-4592-BDED-B452AE720E79}.Release|x64.Deploy.0 = Release|Any CPU
		{99B35464-3BF5-4592-BDED-B452AE720E79}.Release|x86.ActiveCfg = Release|Any CPU
		{99B35464-3BF5-4592-BDED-B452AE720E79}.Release|x86.Build.0 = Release|Any CPU
		{99B35464-3BF5-4592-BDED-B452AE720E79}.Release|x86.Deploy.0 = Release|Any CPU
		{2214653F-FA87-4F53-B409-AFDA9D393871}.Ad-Hoc|Any CPU.ActiveCfg = Ad-Hoc|iPhone
		{2214653F-FA87-4F53-B409-AFDA9D393871}.Ad-Hoc|ARM.ActiveCfg = Ad-Hoc|iPhone
		{2214653F-FA87-4F53-B409-AFDA9D393871}.Ad-Hoc|iPhone.ActiveCfg = Ad-Hoc|iPhone
		{2214653F-FA87-4F53-B409-AFDA9D393871}.Ad-Hoc|iPhone.Build.0 = Ad-Hoc|iPhone
		{2214653F-FA87-4F53-B409-AFDA9D393871}.Ad-Hoc|iPhoneSimulator.ActiveCfg = Ad-Hoc|iPhoneSimulator
		{2214653F-FA87-4F53-B409-AFDA9D393871}.Ad-Hoc|iPhoneSimulator.Build.0 = Ad-Hoc|iPhoneSimulator
		{2214653F-FA87-4F53-B409-AFDA9D393871}.Ad-Hoc|x64.ActiveCfg = Ad-Hoc|iPhone
		{2214653F-FA87-4F53-B409-AFDA9D393871}.Ad-Hoc|x86.ActiveCfg = Ad-Hoc|iPhone
		{2214653F-FA87-4F53-B409-AFDA9D393871}.AppStore|Any CPU.ActiveCfg = AppStore|iPhone
		{2214653F-FA87-4F53-B409-AFDA9D393871}.AppStore|ARM.ActiveCfg = AppStore|iPhone
		{2214653F-FA87-4F53-B409-AFDA9D393871}.AppStore|iPhone.ActiveCfg = AppStore|iPhone
		{2214653F-FA87-4F53-B409-AFDA9D393871}.AppStore|iPhone.Build.0 = AppStore|iPhone
		{2214653F-FA87-4F53-B409-AFDA9D393871}.AppStore|iPhoneSimulator.ActiveCfg = AppStore|iPhoneSimulator
		{2214653F-FA87-4F53-B409-AFDA9D393871}.AppStore|iPhoneSimulator.Build.0 = AppStore|iPhoneSimulator
		{2214653F-FA87-4F53-B409-AFDA9D393871}.AppStore|x64.ActiveCfg = AppStore|iPhone
		{2214653F-FA87-4F53-B409-AFDA9D393871}.AppStore|x86.ActiveCfg = AppStore|iPhone
		{2214653F-FA87-4F53-B409-AFDA9D393871}.Debug|Any CPU.ActiveCfg = Debug|iPhone
		{2214653F-FA87-4F53-B409-AFDA9D393871}.Debug|ARM.ActiveCfg = Debug|iPhone
		{2214653F-FA87-4F53-B409-AFDA9D393871}.Debug|iPhone.ActiveCfg = Debug|iPhone
		{2214653F-FA87-4F53-B409-AFDA9D393871}.Debug|iPhone.Build.0 = Debug|iPhone
		{2214653F-FA87-4F53-B409-AFDA9D393871}.Debug|iPhoneSimulator.ActiveCfg = Debug|iPhoneSimulator
		{2214653F-FA87-4F53-B409-AFDA9D393871}.Debug|iPhoneSimulator.Build.0 = Debug|iPhoneSimulator
		{2214653F-FA87-4F53-B409-AFDA9D393871}.Debug|x64.ActiveCfg = Debug|iPhone
		{2214653F-FA87-4F53-B409-AFDA9D393871}.Debug|x86.ActiveCfg = Debug|iPhone
		{2214653F-FA87-4F53-B409-AFDA9D393871}.Release|Any CPU.ActiveCfg = Release|iPhone
		{2214653F-FA87-4F53-B409-AFDA9D393871}.Release|ARM.ActiveCfg = Release|iPhone
		{2214653F-FA87-4F53-B409-AFDA9D393871}.Release|iPhone.ActiveCfg = Release|iPhone
		{2214653F-FA87-4F53-B409-AFDA9D393871}.Release|iPhone.Build.0 = Release|iPhone
		{2214653F-FA87-4F53-B409-AFDA9D393871}.Release|iPhoneSimulator.ActiveCfg = Release|iPhoneSimulator
		{2214653F-FA87-4F53-B409-AFDA9D393871}.Release|iPhoneSimulator.Build.0 = Release|iPhoneSimulator
		{2214653F-FA87-4F53-B409-AFDA9D393871}.Release|x64.ActiveCfg = Release|iPhone
		{2214653F-FA87-4F53-B409-AFDA9D393871}.Release|x86.ActiveCfg = Release|iPhone
		{EFB11274-9E21-4C48-9B8F-4159E5DF08B4}.Ad-Hoc|Any CPU.ActiveCfg = Release|x86
		{EFB11274-9E21-4C48-9B8F-4159E5DF08B4}.Ad-Hoc|Any CPU.Build.0 = Release|x86
		{EFB11274-9E21-4C48-9B8F-4159E5DF08B4}.Ad-Hoc|Any CPU.Deploy.0 = Release|x86
		{EFB11274-9E21-4C48-9B8F-4159E5DF08B4}.Ad-Hoc|ARM.ActiveCfg = Release|ARM
		{EFB11274-9E21-4C48-9B8F-4159E5DF08B4}.Ad-Hoc|ARM.Build.0 = Release|ARM
		{EFB11274-9E21-4C48-9B8F-4159E5DF08B4}.Ad-Hoc|ARM.Deploy.0 = Release|ARM
		{EFB11274-9E21-4C48-9B8F-4159E5DF08B4}.Ad-Hoc|iPhone.ActiveCfg = Release|x86
		{EFB11274-9E21-4C48-9B8F-4159E5DF08B4}.Ad-Hoc|iPhone.Build.0 = Release|x86
		{EFB11274-9E21-4C48-9B8F-4159E5DF08B4}.Ad-Hoc|iPhone.Deploy.0 = Release|x86
		{EFB11274-9E21-4C48-9B8F-4159E5DF08B4}.Ad-Hoc|iPhoneSimulator.ActiveCfg = Release|x86
		{EFB11274-9E21-4C48-9B8F-4159E5DF08B4}.Ad-Hoc|iPhoneSimulator.Build.0 = Release|x86
		{EFB11274-9E21-4C48-9B8F-4159E5DF08B4}.Ad-Hoc|iPhoneSimulator.Deploy.0 = Release|x86
		{EFB11274-9E21-4C48-9B8F-4159E5DF08B4}.Ad-Hoc|x64.ActiveCfg = Release|x64
		{EFB11274-9E21-4C48-9B8F-4159E5DF08B4}.Ad-Hoc|x64.Build.0 = Release|x64
		{EFB11274-9E21-4C48-9B8F-4159E5DF08B4}.Ad-Hoc|x64.Deploy.0 = Release|x64
		{EFB11274-9E21-4C48-9B8F-4159E5DF08B4}.Ad-Hoc|x86.ActiveCfg = Release|x86
		{EFB11274-9E21-4C48-9B8F-4159E5DF08B4}.Ad-Hoc|x86.Build.0 = Release|x86
		{EFB11274-9E21-4C48-9B8F-4159E5DF08B4}.Ad-Hoc|x86.Deploy.0 = Release|x86
		{EFB11274-9E21-4C48-9B8F-4159E5DF08B4}.AppStore|Any CPU.ActiveCfg = Release|x86
		{EFB11274-9E21-4C48-9B8F-4159E5DF08B4}.AppStore|Any CPU.Build.0 = Release|x86
		{EFB11274-9E21-4C48-9B8F-4159E5DF08B4}.AppStore|Any CPU.Deploy.0 = Release|x86
		{EFB11274-9E21-4C48-9B8F-4159E5DF08B4}.AppStore|ARM.ActiveCfg = Release|ARM
		{EFB11274-9E21-4C48-9B8F-4159E5DF08B4}.AppStore|ARM.Build.0 = Release|ARM
		{EFB11274-9E21-4C48-9B8F-4159E5DF08B4}.AppStore|ARM.Deploy.0 = Release|ARM
		{EFB11274-9E21-4C48-9B8F-4159E5DF08B4}.AppStore|iPhone.ActiveCfg = Release|x86
		{EFB11274-9E21-4C48-9B8F-4159E5DF08B4}.AppStore|iPhone.Build.0 = Release|x86
		{EFB11274-9E21-4C48-9B8F-4159E5DF08B4}.AppStore|iPhone.Deploy.0 = Release|x86
		{EFB11274-9E21-4C48-9B8F-4159E5DF08B4}.AppStore|iPhoneSimulator.ActiveCfg = Release|x86
		{EFB11274-9E21-4C48-9B8F-4159E5DF08B4}.AppStore|iPhoneSimulator.Build.0 = Release|x86
		{EFB11274-9E21-4C48-9B8F-4159E5DF08B4}.AppStore|iPhoneSimulator.Deploy.0 = Release|x86
		{EFB11274-9E21-4C48-9B8F-4159E5DF08B4}.AppStore|x64.ActiveCfg = Release|x64
		{EFB11274-9E21-4C48-9B8F-4159E5DF08B4}.AppStore|x64.Build.0 = Release|x64
		{EFB11274-9E21-4C48-9B8F-4159E5DF08B4}.AppStore|x64.Deploy.0 = Release|x64
		{EFB11274-9E21-4C48-9B8F-4159E5DF08B4}.AppStore|x86.ActiveCfg = Release|x86
		{EFB11274-9E21-4C48-9B8F-4159E5DF08B4}.AppStore|x86.Build.0 = Release|x86
		{EFB11274-9E21-4C48-9B8F-4159E5DF08B4}.AppStore|x86.Deploy.0 = Release|x86
		{EFB11274-9E21-4C48-9B8F-4159E5DF08B4}.Debug|Any CPU.ActiveCfg = Debug|x86
		{EFB11274-9E21-4C48-9B8F-4159E5DF08B4}.Debug|ARM.ActiveCfg = Debug|ARM
		{EFB11274-9E21-4C48-9B8F-4159E5DF08B4}.Debug|ARM.Build.0 = Debug|ARM
		{EFB11274-9E21-4C48-9B8F-4159E5DF08B4}.Debug|ARM.Deploy.0 = Debug|ARM
		{EFB11274-9E21-4C48-9B8F-4159E5DF08B4}.Debug|iPhone.ActiveCfg = Debug|x86
		{EFB11274-9E21-4C48-9B8F-4159E5DF08B4}.Debug|iPhoneSimulator.ActiveCfg = Debug|x86
		{EFB11274-9E21-4C48-9B8F-4159E5DF08B4}.Debug|x64.ActiveCfg = Debug|x64
		{EFB11274-9E21-4C48-9B8F-4159E5DF08B4}.Debug|x64.Build.0 = Debug|x64
		{EFB11274-9E21-4C48-9B8F-4159E5DF08B4}.Debug|x64.Deploy.0 = Debug|x64
		{EFB11274-9E21-4C48-9B8F-4159E5DF08B4}.Debug|x86.ActiveCfg = Debug|x86
		{EFB11274-9E21-4C48-9B8F-4159E5DF08B4}.Debug|x86.Build.0 = Debug|x86
		{EFB11274-9E21-4C48-9B8F-4159E5DF08B4}.Debug|x86.Deploy.0 = Debug|x86
		{EFB11274-9E21-4C48-9B8F-4159E5DF08B4}.Release|Any CPU.ActiveCfg = Release|x86
		{EFB11274-9E21-4C48-9B8F-4159E5DF08B4}.Release|ARM.ActiveCfg = Release|ARM
		{EFB11274-9E21-4C48-9B8F-4159E5DF08B4}.Release|ARM.Build.0 = Release|ARM
		{EFB11274-9E21-4C48-9B8F-4159E5DF08B4}.Release|ARM.Deploy.0 = Release|ARM
		{EFB11274-9E21-4C48-9B8F-4159E5DF08B4}.Release|iPhone.ActiveCfg = Release|x86
		{EFB11274-9E21-4C48-9B8F-4159E5DF08B4}.Release|iPhoneSimulator.ActiveCfg = Release|x86
		{EFB11274-9E21-4C48-9B8F-4159E5DF08B4}.Release|x64.ActiveCfg = Release|x64
		{EFB11274-9E21-4C48-9B8F-4159E5DF08B4}.Release|x64.Build.0 = Release|x64
		{EFB11274-9E21-4C48-9B8F-4159E5DF08B4}.Release|x64.Deploy.0 = Release|x64
		{EFB11274-9E21-4C48-9B8F-4159E5DF08B4}.Release|x86.ActiveCfg = Release|x86
		{EFB11274-9E21-4C48-9B8F-4159E5DF08B4}.Release|x86.Build.0 = Release|x86
		{EFB11274-9E21-4C48-9B8F-4159E5DF08B4}.Release|x86.Deploy.0 = Release|x86
		{4A78E689-5D48-4029-AC46-39E70B1450FE}.Ad-Hoc|Any CPU.ActiveCfg = Release|Any CPU
		{4A78E689-5D48-4029-AC46-39E70B1450FE}.Ad-Hoc|Any CPU.Build.0 = Release|Any CPU
		{4A78E689-5D48-4029-AC46-39E70B1450FE}.Ad-Hoc|ARM.ActiveCfg = Release|Any CPU
		{4A78E689-5D48-4029-AC46-39E70B1450FE}.Ad-Hoc|ARM.Build.0 = Release|Any CPU
		{4A78E689-5D48-4029-AC46-39E70B1450FE}.Ad-Hoc|iPhone.ActiveCfg = Release|Any CPU
		{4A78E689-5D48-4029-AC46-39E70B1450FE}.Ad-Hoc|iPhone.Build.0 = Release|Any CPU
		{4A78E689-5D48-4029-AC46-39E70B1450FE}.Ad-Hoc|iPhoneSimulator.ActiveCfg = Release|Any CPU
		{4A78E689-5D48-4029-AC46-39E70B1450FE}.Ad-Hoc|iPhoneSimulator.Build.0 = Release|Any CPU
		{4A78E689-5D48-4029-AC46-39E70B1450FE}.Ad-Hoc|x64.ActiveCfg = Release|Any CPU
		{4A78E689-5D48-4029-AC46-39E70B1450FE}.Ad-Hoc|x64.Build.0 = Release|Any CPU
		{4A78E689-5D48-4029-AC46-39E70B1450FE}.Ad-Hoc|x86.ActiveCfg = Release|Any CPU
		{4A78E689-5D48-4029-AC46-39E70B1450FE}.Ad-Hoc|x86.Build.0 = Release|Any CPU
		{4A78E689-5D48-4029-AC46-39E70B1450FE}.AppStore|Any CPU.ActiveCfg = Release|Any CPU
		{4A78E689-5D48-4029-AC46-39E70B1450FE}.AppStore|Any CPU.Build.0 = Release|Any CPU
		{4A78E689-5D48-4029-AC46-39E70B1450FE}.AppStore|ARM.ActiveCfg = Release|Any CPU
		{4A78E689-5D48-4029-AC46-39E70B1450FE}.AppStore|ARM.Build.0 = Release|Any CPU
		{4A78E689-5D48-4029-AC46-39E70B1450FE}.AppStore|iPhone.ActiveCfg = Release|Any CPU
		{4A78E689-5D48-4029-AC46-39E70B1450FE}.AppStore|iPhone.Build.0 = Release|Any CPU
		{4A78E689-5D48-4029-AC46-39E70B1450FE}.AppStore|iPhoneSimulator.ActiveCfg = Release|Any CPU
		{4A78E689-5D48-4029-AC46-39E70B1450FE}.AppStore|iPhoneSimulator.Build.0 = Release|Any CPU
		{4A78E689-5D48-4029-AC46-39E70B1450FE}.AppStore|x64.ActiveCfg = Release|Any CPU
		{4A78E689-5D48-4029-AC46-39E70B1450FE}.AppStore|x64.Build.0 = Release|Any CPU
		{4A78E689-5D48-4029-AC46-39E70B1450FE}.AppStore|x86.ActiveCfg = Release|Any CPU
		{4A78E689-5D48-4029-AC46-39E70B1450FE}.AppStore|x86.Build.0 = Release|Any CPU
		{4A78E689-5D48-4029-AC46-39E70B1450FE}.Debug|Any CPU.ActiveCfg = Debug|Any CPU
		{4A78E689-5D48-4029-AC46-39E70B1450FE}.Debug|Any CPU.Build.0 = Debug|Any CPU
		{4A78E689-5D48-4029-AC46-39E70B1450FE}.Debug|ARM.ActiveCfg = Debug|Any CPU
		{4A78E689-5D48-4029-AC46-39E70B1450FE}.Debug|ARM.Build.0 = Debug|Any CPU
		{4A78E689-5D48-4029-AC46-39E70B1450FE}.Debug|iPhone.ActiveCfg = Debug|Any CPU
		{4A78E689-5D48-4029-AC46-39E70B1450FE}.Debug|iPhone.Build.0 = Debug|Any CPU
		{4A78E689-5D48-4029-AC46-39E70B1450FE}.Debug|iPhoneSimulator.ActiveCfg = Debug|Any CPU
		{4A78E689-5D48-4029-AC46-39E70B1450FE}.Debug|iPhoneSimulator.Build.0 = Debug|Any CPU
		{4A78E689-5D48-4029-AC46-39E70B1450FE}.Debug|x64.ActiveCfg = Debug|Any CPU
		{4A78E689-5D48-4029-AC46-39E70B1450FE}.Debug|x64.Build.0 = Debug|Any CPU
		{4A78E689-5D48-4029-AC46-39E70B1450FE}.Debug|x86.ActiveCfg = Debug|Any CPU
		{4A78E689-5D48-4029-AC46-39E70B1450FE}.Debug|x86.Build.0 = Debug|Any CPU
		{4A78E689-5D48-4029-AC46-39E70B1450FE}.Release|Any CPU.ActiveCfg = Release|Any CPU
		{4A78E689-5D48-4029-AC46-39E70B1450FE}.Release|Any CPU.Build.0 = Release|Any CPU
		{4A78E689-5D48-4029-AC46-39E70B1450FE}.Release|ARM.ActiveCfg = Release|Any CPU
		{4A78E689-5D48-4029-AC46-39E70B1450FE}.Release|ARM.Build.0 = Release|Any CPU
		{4A78E689-5D48-4029-AC46-39E70B1450FE}.Release|iPhone.ActiveCfg = Release|Any CPU
		{4A78E689-5D48-4029-AC46-39E70B1450FE}.Release|iPhone.Build.0 = Release|Any CPU
		{4A78E689-5D48-4029-AC46-39E70B1450FE}.Release|iPhoneSimulator.ActiveCfg = Release|Any CPU
		{4A78E689-5D48-4029-AC46-39E70B1450FE}.Release|iPhoneSimulator.Build.0 = Release|Any CPU
		{4A78E689-5D48-4029-AC46-39E70B1450FE}.Release|x64.ActiveCfg = Release|Any CPU
		{4A78E689-5D48-4029-AC46-39E70B1450FE}.Release|x64.Build.0 = Release|Any CPU
		{4A78E689-5D48-4029-AC46-39E70B1450FE}.Release|x86.ActiveCfg = Release|Any CPU
		{4A78E689-5D48-4029-AC46-39E70B1450FE}.Release|x86.Build.0 = Release|Any CPU
		{779957D5-F95E-49AA-AC18-6D7ECD6013BF}.Ad-Hoc|Any CPU.ActiveCfg = Release|x64
		{779957D5-F95E-49AA-AC18-6D7ECD6013BF}.Ad-Hoc|Any CPU.Build.0 = Release|x64
		{779957D5-F95E-49AA-AC18-6D7ECD6013BF}.Ad-Hoc|Any CPU.Deploy.0 = Release|x64
		{779957D5-F95E-49AA-AC18-6D7ECD6013BF}.Ad-Hoc|ARM.ActiveCfg = Release|ARM
		{779957D5-F95E-49AA-AC18-6D7ECD6013BF}.Ad-Hoc|ARM.Build.0 = Release|ARM
		{779957D5-F95E-49AA-AC18-6D7ECD6013BF}.Ad-Hoc|ARM.Deploy.0 = Release|ARM
		{779957D5-F95E-49AA-AC18-6D7ECD6013BF}.Ad-Hoc|iPhone.ActiveCfg = Release|x64
		{779957D5-F95E-49AA-AC18-6D7ECD6013BF}.Ad-Hoc|iPhone.Build.0 = Release|x64
		{779957D5-F95E-49AA-AC18-6D7ECD6013BF}.Ad-Hoc|iPhone.Deploy.0 = Release|x64
		{779957D5-F95E-49AA-AC18-6D7ECD6013BF}.Ad-Hoc|iPhoneSimulator.ActiveCfg = Release|x64
		{779957D5-F95E-49AA-AC18-6D7ECD6013BF}.Ad-Hoc|iPhoneSimulator.Build.0 = Release|x64
		{779957D5-F95E-49AA-AC18-6D7ECD6013BF}.Ad-Hoc|iPhoneSimulator.Deploy.0 = Release|x64
		{779957D5-F95E-49AA-AC18-6D7ECD6013BF}.Ad-Hoc|x64.ActiveCfg = Release|x64
		{779957D5-F95E-49AA-AC18-6D7ECD6013BF}.Ad-Hoc|x64.Build.0 = Release|x64
		{779957D5-F95E-49AA-AC18-6D7ECD6013BF}.Ad-Hoc|x64.Deploy.0 = Release|x64
		{779957D5-F95E-49AA-AC18-6D7ECD6013BF}.Ad-Hoc|x86.ActiveCfg = Release|x86
		{779957D5-F95E-49AA-AC18-6D7ECD6013BF}.Ad-Hoc|x86.Build.0 = Release|x86
		{779957D5-F95E-49AA-AC18-6D7ECD6013BF}.Ad-Hoc|x86.Deploy.0 = Release|x86
		{779957D5-F95E-49AA-AC18-6D7ECD6013BF}.AppStore|Any CPU.ActiveCfg = Release|x64
		{779957D5-F95E-49AA-AC18-6D7ECD6013BF}.AppStore|Any CPU.Build.0 = Release|x64
		{779957D5-F95E-49AA-AC18-6D7ECD6013BF}.AppStore|Any CPU.Deploy.0 = Release|x64
		{779957D5-F95E-49AA-AC18-6D7ECD6013BF}.AppStore|ARM.ActiveCfg = Release|ARM
		{779957D5-F95E-49AA-AC18-6D7ECD6013BF}.AppStore|ARM.Build.0 = Release|ARM
		{779957D5-F95E-49AA-AC18-6D7ECD6013BF}.AppStore|ARM.Deploy.0 = Release|ARM
		{779957D5-F95E-49AA-AC18-6D7ECD6013BF}.AppStore|iPhone.ActiveCfg = Release|x64
		{779957D5-F95E-49AA-AC18-6D7ECD6013BF}.AppStore|iPhone.Build.0 = Release|x64
		{779957D5-F95E-49AA-AC18-6D7ECD6013BF}.AppStore|iPhone.Deploy.0 = Release|x64
		{779957D5-F95E-49AA-AC18-6D7ECD6013BF}.AppStore|iPhoneSimulator.ActiveCfg = Release|x64
		{779957D5-F95E-49AA-AC18-6D7ECD6013BF}.AppStore|iPhoneSimulator.Build.0 = Release|x64
		{779957D5-F95E-49AA-AC18-6D7ECD6013BF}.AppStore|iPhoneSimulator.Deploy.0 = Release|x64
		{779957D5-F95E-49AA-AC18-6D7ECD6013BF}.AppStore|x64.ActiveCfg = Release|x64
		{779957D5-F95E-49AA-AC18-6D7ECD6013BF}.AppStore|x64.Build.0 = Release|x64
		{779957D5-F95E-49AA-AC18-6D7ECD6013BF}.AppStore|x64.Deploy.0 = Release|x64
		{779957D5-F95E-49AA-AC18-6D7ECD6013BF}.AppStore|x86.ActiveCfg = Release|x86
		{779957D5-F95E-49AA-AC18-6D7ECD6013BF}.AppStore|x86.Build.0 = Release|x86
		{779957D5-F95E-49AA-AC18-6D7ECD6013BF}.AppStore|x86.Deploy.0 = Release|x86
		{779957D5-F95E-49AA-AC18-6D7ECD6013BF}.Debug|Any CPU.ActiveCfg = Debug|x86
		{779957D5-F95E-49AA-AC18-6D7ECD6013BF}.Debug|ARM.ActiveCfg = Debug|ARM
		{779957D5-F95E-49AA-AC18-6D7ECD6013BF}.Debug|ARM.Build.0 = Debug|ARM
		{779957D5-F95E-49AA-AC18-6D7ECD6013BF}.Debug|ARM.Deploy.0 = Debug|ARM
		{779957D5-F95E-49AA-AC18-6D7ECD6013BF}.Debug|iPhone.ActiveCfg = Debug|x86
		{779957D5-F95E-49AA-AC18-6D7ECD6013BF}.Debug|iPhoneSimulator.ActiveCfg = Debug|x86
		{779957D5-F95E-49AA-AC18-6D7ECD6013BF}.Debug|x64.ActiveCfg = Debug|x64
		{779957D5-F95E-49AA-AC18-6D7ECD6013BF}.Debug|x64.Build.0 = Debug|x64
		{779957D5-F95E-49AA-AC18-6D7ECD6013BF}.Debug|x64.Deploy.0 = Debug|x64
		{779957D5-F95E-49AA-AC18-6D7ECD6013BF}.Debug|x86.ActiveCfg = Debug|x86
		{779957D5-F95E-49AA-AC18-6D7ECD6013BF}.Debug|x86.Build.0 = Debug|x86
		{779957D5-F95E-49AA-AC18-6D7ECD6013BF}.Debug|x86.Deploy.0 = Debug|x86
		{779957D5-F95E-49AA-AC18-6D7ECD6013BF}.Release|Any CPU.ActiveCfg = Release|x86
		{779957D5-F95E-49AA-AC18-6D7ECD6013BF}.Release|ARM.ActiveCfg = Release|ARM
		{779957D5-F95E-49AA-AC18-6D7ECD6013BF}.Release|ARM.Build.0 = Release|ARM
		{779957D5-F95E-49AA-AC18-6D7ECD6013BF}.Release|ARM.Deploy.0 = Release|ARM
		{779957D5-F95E-49AA-AC18-6D7ECD6013BF}.Release|iPhone.ActiveCfg = Release|x86
		{779957D5-F95E-49AA-AC18-6D7ECD6013BF}.Release|iPhoneSimulator.ActiveCfg = Release|x86
		{779957D5-F95E-49AA-AC18-6D7ECD6013BF}.Release|x64.ActiveCfg = Release|x64
		{779957D5-F95E-49AA-AC18-6D7ECD6013BF}.Release|x64.Build.0 = Release|x64
		{779957D5-F95E-49AA-AC18-6D7ECD6013BF}.Release|x64.Deploy.0 = Release|x64
		{779957D5-F95E-49AA-AC18-6D7ECD6013BF}.Release|x86.ActiveCfg = Release|x86
		{779957D5-F95E-49AA-AC18-6D7ECD6013BF}.Release|x86.Build.0 = Release|x86
		{779957D5-F95E-49AA-AC18-6D7ECD6013BF}.Release|x86.Deploy.0 = Release|x86
		{8E724B56-8497-451D-B7D9-CE17EB01BF7A}.Ad-Hoc|Any CPU.ActiveCfg = Release|Any CPU
		{8E724B56-8497-451D-B7D9-CE17EB01BF7A}.Ad-Hoc|Any CPU.Build.0 = Release|Any CPU
		{8E724B56-8497-451D-B7D9-CE17EB01BF7A}.Ad-Hoc|ARM.ActiveCfg = Release|Any CPU
		{8E724B56-8497-451D-B7D9-CE17EB01BF7A}.Ad-Hoc|ARM.Build.0 = Release|Any CPU
		{8E724B56-8497-451D-B7D9-CE17EB01BF7A}.Ad-Hoc|iPhone.ActiveCfg = Release|Any CPU
		{8E724B56-8497-451D-B7D9-CE17EB01BF7A}.Ad-Hoc|iPhone.Build.0 = Release|Any CPU
		{8E724B56-8497-451D-B7D9-CE17EB01BF7A}.Ad-Hoc|iPhoneSimulator.ActiveCfg = Release|Any CPU
		{8E724B56-8497-451D-B7D9-CE17EB01BF7A}.Ad-Hoc|iPhoneSimulator.Build.0 = Release|Any CPU
		{8E724B56-8497-451D-B7D9-CE17EB01BF7A}.Ad-Hoc|x64.ActiveCfg = Release|Any CPU
		{8E724B56-8497-451D-B7D9-CE17EB01BF7A}.Ad-Hoc|x64.Build.0 = Release|Any CPU
		{8E724B56-8497-451D-B7D9-CE17EB01BF7A}.Ad-Hoc|x86.ActiveCfg = Release|Any CPU
		{8E724B56-8497-451D-B7D9-CE17EB01BF7A}.Ad-Hoc|x86.Build.0 = Release|Any CPU
		{8E724B56-8497-451D-B7D9-CE17EB01BF7A}.AppStore|Any CPU.ActiveCfg = Release|Any CPU
		{8E724B56-8497-451D-B7D9-CE17EB01BF7A}.AppStore|Any CPU.Build.0 = Release|Any CPU
		{8E724B56-8497-451D-B7D9-CE17EB01BF7A}.AppStore|ARM.ActiveCfg = Release|Any CPU
		{8E724B56-8497-451D-B7D9-CE17EB01BF7A}.AppStore|ARM.Build.0 = Release|Any CPU
		{8E724B56-8497-451D-B7D9-CE17EB01BF7A}.AppStore|iPhone.ActiveCfg = Release|Any CPU
		{8E724B56-8497-451D-B7D9-CE17EB01BF7A}.AppStore|iPhone.Build.0 = Release|Any CPU
		{8E724B56-8497-451D-B7D9-CE17EB01BF7A}.AppStore|iPhoneSimulator.ActiveCfg = Release|Any CPU
		{8E724B56-8497-451D-B7D9-CE17EB01BF7A}.AppStore|iPhoneSimulator.Build.0 = Release|Any CPU
		{8E724B56-8497-451D-B7D9-CE17EB01BF7A}.AppStore|x64.ActiveCfg = Release|Any CPU
		{8E724B56-8497-451D-B7D9-CE17EB01BF7A}.AppStore|x64.Build.0 = Release|Any CPU
		{8E724B56-8497-451D-B7D9-CE17EB01BF7A}.AppStore|x86.ActiveCfg = Release|Any CPU
		{8E724B56-8497-451D-B7D9-CE17EB01BF7A}.AppStore|x86.Build.0 = Release|Any CPU
		{8E724B56-8497-451D-B7D9-CE17EB01BF7A}.Debug|Any CPU.ActiveCfg = Debug|Any CPU
		{8E724B56-8497-451D-B7D9-CE17EB01BF7A}.Debug|Any CPU.Build.0 = Debug|Any CPU
		{8E724B56-8497-451D-B7D9-CE17EB01BF7A}.Debug|ARM.ActiveCfg = Debug|Any CPU
		{8E724B56-8497-451D-B7D9-CE17EB01BF7A}.Debug|ARM.Build.0 = Debug|Any CPU
		{8E724B56-8497-451D-B7D9-CE17EB01BF7A}.Debug|iPhone.ActiveCfg = Debug|Any CPU
		{8E724B56-8497-451D-B7D9-CE17EB01BF7A}.Debug|iPhone.Build.0 = Debug|Any CPU
		{8E724B56-8497-451D-B7D9-CE17EB01BF7A}.Debug|iPhoneSimulator.ActiveCfg = Debug|Any CPU
		{8E724B56-8497-451D-B7D9-CE17EB01BF7A}.Debug|iPhoneSimulator.Build.0 = Debug|Any CPU
		{8E724B56-8497-451D-B7D9-CE17EB01BF7A}.Debug|x64.ActiveCfg = Debug|Any CPU
		{8E724B56-8497-451D-B7D9-CE17EB01BF7A}.Debug|x64.Build.0 = Debug|Any CPU
		{8E724B56-8497-451D-B7D9-CE17EB01BF7A}.Debug|x86.ActiveCfg = Debug|Any CPU
		{8E724B56-8497-451D-B7D9-CE17EB01BF7A}.Debug|x86.Build.0 = Debug|Any CPU
		{8E724B56-8497-451D-B7D9-CE17EB01BF7A}.Release|Any CPU.ActiveCfg = Release|Any CPU
		{8E724B56-8497-451D-B7D9-CE17EB01BF7A}.Release|Any CPU.Build.0 = Release|Any CPU
		{8E724B56-8497-451D-B7D9-CE17EB01BF7A}.Release|ARM.ActiveCfg = Release|Any CPU
		{8E724B56-8497-451D-B7D9-CE17EB01BF7A}.Release|ARM.Build.0 = Release|Any CPU
		{8E724B56-8497-451D-B7D9-CE17EB01BF7A}.Release|iPhone.ActiveCfg = Release|Any CPU
		{8E724B56-8497-451D-B7D9-CE17EB01BF7A}.Release|iPhone.Build.0 = Release|Any CPU
		{8E724B56-8497-451D-B7D9-CE17EB01BF7A}.Release|iPhoneSimulator.ActiveCfg = Release|Any CPU
		{8E724B56-8497-451D-B7D9-CE17EB01BF7A}.Release|iPhoneSimulator.Build.0 = Release|Any CPU
		{8E724B56-8497-451D-B7D9-CE17EB01BF7A}.Release|x64.ActiveCfg = Release|Any CPU
		{8E724B56-8497-451D-B7D9-CE17EB01BF7A}.Release|x64.Build.0 = Release|Any CPU
		{8E724B56-8497-451D-B7D9-CE17EB01BF7A}.Release|x86.ActiveCfg = Release|Any CPU
		{8E724B56-8497-451D-B7D9-CE17EB01BF7A}.Release|x86.Build.0 = Release|Any CPU
	EndGlobalSection
	GlobalSection(SolutionProperties) = preSolution
		HideSolutionNode = FALSE
	EndGlobalSection
	GlobalSection(NestedProjects) = preSolution
		{99B35464-3BF5-4592-BDED-B452AE720E79} = {6082A993-2CC7-41CB-B215-6F6F5129D01A}
		{2214653F-FA87-4F53-B409-AFDA9D393871} = {6082A993-2CC7-41CB-B215-6F6F5129D01A}
		{EFB11274-9E21-4C48-9B8F-4159E5DF08B4} = {6082A993-2CC7-41CB-B215-6F6F5129D01A}
		{4A78E689-5D48-4029-AC46-39E70B1450FE} = {6082A993-2CC7-41CB-B215-6F6F5129D01A}
		{779957D5-F95E-49AA-AC18-6D7ECD6013BF} = {847F64C4-2CFC-4DB8-A7F2-AAA62F5D33EF}
		{8E724B56-8497-451D-B7D9-CE17EB01BF7A} = {D725F4B2-8618-4275-9F0D-D222D7643736}
	EndGlobalSection
EndGlobal
